
Microsoft Visual Studio Solution File, Format Version 12.00
# Visual Studio Version 16
VisualStudioVersion = 16.0.30114.105
MinimumVisualStudioVersion = 10.0.40219.1
Project("{FAE04EC0-301F-11D3-BF4B-00C04F79EFBC}") = "GaSpTK.Schema", "GaSpTK.Schema\GaSpTK.Schema.csproj", "{B147C01A-318B-452B-B4FA-9A37A94E5528}"
EndProject
Project("{FAE04EC0-301F-11D3-BF4B-00C04F79EFBC}") = "GaSpTK.Editor", "GaSpTK.Editor\GaSpTK.Editor.csproj", "{BC560612-1B87-46D5-BAA7-A4A36D60B375}"
EndProject
Global
	GlobalSection(SolutionConfigurationPlatforms) = preSolution
		Debug|Any CPU = Debug|Any CPU
		Release|Any CPU = Release|Any CPU
	EndGlobalSection
	GlobalSection(SolutionProperties) = preSolution
		HideSolutionNode = FALSE
	EndGlobalSection
	GlobalSection(ProjectConfigurationPlatforms) = postSolution
		{B147C01A-318B-452B-B4FA-9A37A94E5528}.Debug|Any CPU.ActiveCfg = Debug|Any CPU
		{B147C01A-318B-452B-B4FA-9A37A94E5528}.Debug|Any CPU.Build.0 = Debug|Any CPU
		{B147C01A-318B-452B-B4FA-9A37A94E5528}.Release|Any CPU.ActiveCfg = Release|Any CPU
		{B147C01A-318B-452B-B4FA-9A37A94E5528}.Release|Any CPU.Build.0 = Release|Any CPU
		{BC560612-1B87-46D5-BAA7-A4A36D60B375}.Debug|Any CPU.ActiveCfg = Debug|Any CPU
		{BC560612-1B87-46D5-BAA7-A4A36D60B375}.Debug|Any CPU.Build.0 = Debug|Any CPU
		{BC560612-1B87-46D5-BAA7-A4A36D60B375}.Release|Any CPU.ActiveCfg = Release|Any CPU
		{BC560612-1B87-46D5-BAA7-A4A36D60B375}.Release|Any CPU.Build.0 = Release|Any CPU
	EndGlobalSection
EndGlobal
